
Microsoft Visual Studio Solution File, Format Version 12.00
# Visual Studio Version 17
VisualStudioVersion = 17.5.33530.505
MinimumVisualStudioVersion = 10.0.40219.1
Project("{FAE04EC0-301F-11D3-BF4B-00C04F79EFBC}") = "ApplicationDbContext", "ApplicationDbContext\ApplicationDbContext.csproj", "{373586E7-5BD4-4939-9628-EA27CD84E3CC}"
EndProject
Global
	GlobalSection(SolutionConfigurationPlatforms) = preSolution
		Debug|Any CPU = Debug|Any CPU
		Release|Any CPU = Release|Any CPU
	EndGlobalSection
	GlobalSection(ProjectConfigurationPlatforms) = postSolution
		{373586E7-5BD4-4939-9628-EA27CD84E3CC}.Debug|Any CPU.ActiveCfg = Debug|Any CPU
		{373586E7-5BD4-4939-9628-EA27CD84E3CC}.Debug|Any CPU.Build.0 = Debug|Any CPU
		{373586E7-5BD4-4939-9628-EA27CD84E3CC}.Release|Any CPU.ActiveCfg = Release|Any CPU
		{373586E7-5BD4-4939-9628-EA27CD84E3CC}.Release|Any CPU.Build.0 = Release|Any CPU
	EndGlobalSection
	GlobalSection(SolutionProperties) = preSolution
		HideSolutionNode = FALSE
	EndGlobalSection
	GlobalSection(ExtensibilityGlobals) = postSolution
		SolutionGuid = {7F3411E6-2E35-472A-9797-9AA591FAD7A6}
	EndGlobalSection
EndGlobal
